
Microsoft Visual Studio Solution File, Format Version 12.00
# Visual Studio Version 16
VisualStudioVersion = 16.0.30717.126
MinimumVisualStudioVersion = 10.0.40219.1
Project("{9A19103F-16F7-4668-BE54-9A1E7A4F7556}") = "FastReport.ReportBuilder", "FastReport.ReportBuilder\FastReport.ReportBuilder.csproj", "{95502F7A-614C-43ED-8F99-C3B3592D18E5}"
EndProject
Project("{FAE04EC0-301F-11D3-BF4B-00C04F79EFBC}") = "FastReport.ReportBuilder.UnitTest", "FastReport.ReportBuilder.UnitTest\FastReport.ReportBuilder.UnitTest.csproj", "{17CE85B1-B182-4BEA-90A8-F8D110B1CFCE}"
EndProject
Global
	GlobalSection(SolutionConfigurationPlatforms) = preSolution
		Debug|Any CPU = Debug|Any CPU
		Release|Any CPU = Release|Any CPU
	EndGlobalSection
	GlobalSection(ProjectConfigurationPlatforms) = postSolution
		{95502F7A-614C-43ED-8F99-C3B3592D18E5}.Debug|Any CPU.ActiveCfg = Debug|Any CPU
		{95502F7A-614C-43ED-8F99-C3B3592D18E5}.Debug|Any CPU.Build.0 = Debug|Any CPU
		{95502F7A-614C-43ED-8F99-C3B3592D18E5}.Release|Any CPU.ActiveCfg = Release|Any CPU
		{95502F7A-614C-43ED-8F99-C3B3592D18E5}.Release|Any CPU.Build.0 = Release|Any CPU
		{17CE85B1-B182-4BEA-90A8-F8D110B1CFCE}.Debug|Any CPU.ActiveCfg = Debug|Any CPU
		{17CE85B1-B182-4BEA-90A8-F8D110B1CFCE}.Debug|Any CPU.Build.0 = Debug|Any CPU
		{17CE85B1-B182-4BEA-90A8-F8D110B1CFCE}.Release|Any CPU.ActiveCfg = Release|Any CPU
		{17CE85B1-B182-4BEA-90A8-F8D110B1CFCE}.Release|Any CPU.Build.0 = Release|Any CPU
	EndGlobalSection
	GlobalSection(SolutionProperties) = preSolution
		HideSolutionNode = FALSE
	EndGlobalSection
	GlobalSection(ExtensibilityGlobals) = postSolution
		SolutionGuid = {82935A05-6CF9-49E4-BA3F-7C8FC9261E2C}
	EndGlobalSection
EndGlobal
