
Microsoft Visual Studio Solution File, Format Version 12.00
# Visual Studio Version 17
VisualStudioVersion = 17.4.33205.214
MinimumVisualStudioVersion = 10.0.40219.1
Project("{9A19103F-16F7-4668-BE54-9A1E7A4F7556}") = "DataFromBusinessObject", "DataFromBusinessObject.csproj", "{5E91AE09-9E37-4CEE-A173-D31F9F35A50A}"
EndProject
Global
	GlobalSection(SolutionConfigurationPlatforms) = preSolution
		Debug|Any CPU = Debug|Any CPU
		Release|Any CPU = Release|Any CPU
	EndGlobalSection
	GlobalSection(ProjectConfigurationPlatforms) = postSolution
		{5E91AE09-9E37-4CEE-A173-D31F9F35A50A}.Debug|Any CPU.ActiveCfg = Debug|Any CPU
		{5E91AE09-9E37-4CEE-A173-D31F9F35A50A}.Debug|Any CPU.Build.0 = Debug|Any CPU
		{5E91AE09-9E37-4CEE-A173-D31F9F35A50A}.Release|Any CPU.ActiveCfg = Release|Any CPU
		{5E91AE09-9E37-4CEE-A173-D31F9F35A50A}.Release|Any CPU.Build.0 = Release|Any CPU
	EndGlobalSection
	GlobalSection(SolutionProperties) = preSolution
		HideSolutionNode = FALSE
	EndGlobalSection
	GlobalSection(ExtensibilityGlobals) = postSolution
		SolutionGuid = {A937CA23-F6F1-49DF-AD56-A02DB278C11A}
	EndGlobalSection
EndGlobal
