
Microsoft Visual Studio Solution File, Format Version 12.00
# Visual Studio Version 17
VisualStudioVersion = 17.2.32519.379
MinimumVisualStudioVersion = 10.0.40219.1
Project("{2150E333-8FDC-42A3-9474-1A3956D46DE8}") = "src", "src", "{C137F644-DCB8-424D-A49D-4ABE28E4BA72}"
EndProject
Project("{9A19103F-16F7-4668-BE54-9A1E7A4F7556}") = "FastReport.Compat", "src\FastReport.Compat\FastReport.Compat.csproj", "{9A315AD7-3470-426C-B0B2-B9ECFA76C64B}"
EndProject
Project("{9A19103F-16F7-4668-BE54-9A1E7A4F7556}") = "FastReport.Compat-Windows", "src\FastReport.Compat-Windows\FastReport.Compat-Windows.csproj", "{AB9F228F-5B37-436D-968F-37266B445B64}"
EndProject
Project("{9A19103F-16F7-4668-BE54-9A1E7A4F7556}") = "FastReport.Compat.Skia", "src\FastReport.Compat.Skia\FastReport.Compat.Skia.csproj", "{C0A7385F-9AC6-4CC7-8BAA-E740F0C726D4}"
EndProject
Global
	GlobalSection(SolutionConfigurationPlatforms) = preSolution
		Debug|Any CPU = Debug|Any CPU
		Demo|Any CPU = Demo|Any CPU
		Release|Any CPU = Release|Any CPU
	EndGlobalSection
	GlobalSection(ProjectConfigurationPlatforms) = postSolution
		{9A315AD7-3470-426C-B0B2-B9ECFA76C64B}.Debug|Any CPU.ActiveCfg = Debug|Any CPU
		{9A315AD7-3470-426C-B0B2-B9ECFA76C64B}.Debug|Any CPU.Build.0 = Debug|Any CPU
		{9A315AD7-3470-426C-B0B2-B9ECFA76C64B}.Demo|Any CPU.ActiveCfg = Release|Any CPU
		{9A315AD7-3470-426C-B0B2-B9ECFA76C64B}.Demo|Any CPU.Build.0 = Release|Any CPU
		{9A315AD7-3470-426C-B0B2-B9ECFA76C64B}.Release|Any CPU.ActiveCfg = Release|Any CPU
		{9A315AD7-3470-426C-B0B2-B9ECFA76C64B}.Release|Any CPU.Build.0 = Release|Any CPU
		{AB9F228F-5B37-436D-968F-37266B445B64}.Debug|Any CPU.ActiveCfg = Debug|Any CPU
		{AB9F228F-5B37-436D-968F-37266B445B64}.Debug|Any CPU.Build.0 = Debug|Any CPU
		{AB9F228F-5B37-436D-968F-37266B445B64}.Demo|Any CPU.ActiveCfg = Release|Any CPU
		{AB9F228F-5B37-436D-968F-37266B445B64}.Demo|Any CPU.Build.0 = Release|Any CPU
		{AB9F228F-5B37-436D-968F-37266B445B64}.Release|Any CPU.ActiveCfg = Release|Any CPU
		{AB9F228F-5B37-436D-968F-37266B445B64}.Release|Any CPU.Build.0 = Release|Any CPU
		{C0A7385F-9AC6-4CC7-8BAA-E740F0C726D4}.Debug|Any CPU.ActiveCfg = Debug|Any CPU
		{C0A7385F-9AC6-4CC7-8BAA-E740F0C726D4}.Debug|Any CPU.Build.0 = Debug|Any CPU
		{C0A7385F-9AC6-4CC7-8BAA-E740F0C726D4}.Demo|Any CPU.ActiveCfg = Demo|Any CPU
		{C0A7385F-9AC6-4CC7-8BAA-E740F0C726D4}.Demo|Any CPU.Build.0 = Demo|Any CPU
		{C0A7385F-9AC6-4CC7-8BAA-E740F0C726D4}.Release|Any CPU.ActiveCfg = Release|Any CPU
		{C0A7385F-9AC6-4CC7-8BAA-E740F0C726D4}.Release|Any CPU.Build.0 = Release|Any CPU
	EndGlobalSection
	GlobalSection(SolutionProperties) = preSolution
		HideSolutionNode = FALSE
	EndGlobalSection
	GlobalSection(NestedProjects) = preSolution
		{9A315AD7-3470-426C-B0B2-B9ECFA76C64B} = {C137F644-DCB8-424D-A49D-4ABE28E4BA72}
		{AB9F228F-5B37-436D-968F-37266B445B64} = {C137F644-DCB8-424D-A49D-4ABE28E4BA72}
		{C0A7385F-9AC6-4CC7-8BAA-E740F0C726D4} = {C137F644-DCB8-424D-A49D-4ABE28E4BA72}
	EndGlobalSection
	GlobalSection(ExtensibilityGlobals) = postSolution
		SolutionGuid = {C3FF3494-9BB7-4A9B-BE84-B3A9AA93C2D3}
	EndGlobalSection
EndGlobal
