
Microsoft Visual Studio Solution File, Format Version 12.00
# Visual Studio 15
VisualStudioVersion = 15.0.28307.421
MinimumVisualStudioVersion = 10.0.40219.1
Project("{9A19103F-16F7-4668-BE54-9A1E7A4F7556}") = "FastReport.OpenSource.MVC", "FastReport.OpenSource.MVC.csproj", "{004B393C-EA63-4DD3-8BBC-EFFC49B6CBC4}"
EndProject
Global
	GlobalSection(SolutionConfigurationPlatforms) = preSolution
		Debug|Any CPU = Debug|Any CPU
		Release|Any CPU = Release|Any CPU
	EndGlobalSection
	GlobalSection(ProjectConfigurationPlatforms) = postSolution
		{004B393C-EA63-4DD3-8BBC-EFFC49B6CBC4}.Debug|Any CPU.ActiveCfg = Debug|Any CPU
		{004B393C-EA63-4DD3-8BBC-EFFC49B6CBC4}.Debug|Any CPU.Build.0 = Debug|Any CPU
		{004B393C-EA63-4DD3-8BBC-EFFC49B6CBC4}.Release|Any CPU.ActiveCfg = Release|Any CPU
		{004B393C-EA63-4DD3-8BBC-EFFC49B6CBC4}.Release|Any CPU.Build.0 = Release|Any CPU
	EndGlobalSection
	GlobalSection(SolutionProperties) = preSolution
		HideSolutionNode = FALSE
	EndGlobalSection
	GlobalSection(ExtensibilityGlobals) = postSolution
		SolutionGuid = {A37E2440-B01C-475B-B808-131EC06BA393}
	EndGlobalSection
EndGlobal
