
Microsoft Visual Studio Solution File, Format Version 12.00
# Visual Studio Version 17
VisualStudioVersion = 17.4.33110.190
MinimumVisualStudioVersion = 10.0.40219.1
Project("{9A19103F-16F7-4668-BE54-9A1E7A4F7556}") = "FastReport.OpenSource", "FastReport.OpenSource\FastReport.OpenSource.csproj", "{62667265-5E09-444D-8218-244DE84804A7}"
EndProject
Project("{9A19103F-16F7-4668-BE54-9A1E7A4F7556}") = "FastReport.Tests.OpenSource", "Tools\FastReport.Tests.OpenSource\FastReport.Tests.OpenSource.csproj", "{0F76AD9F-90DA-40D8-83B1-3EAD54F0DD5B}"
EndProject
Project("{2150E333-8FDC-42A3-9474-1A3956D46DE8}") = "Demos", "Demos", "{8E9E75EB-2ABC-4CC1-8AA0-C11DEE54A152}"
EndProject
Project("{2150E333-8FDC-42A3-9474-1A3956D46DE8}") = "Extras", "Extras", "{CCF32DAC-85D9-43D4-A4A7-72626A13D806}"
EndProject
Project("{2150E333-8FDC-42A3-9474-1A3956D46DE8}") = "Connections", "Connections", "{898AF8DC-11C3-4640-B60C-5D8CBF2F29CF}"
EndProject
Project("{9A19103F-16F7-4668-BE54-9A1E7A4F7556}") = "FastReport.OpenSource.Data.Postgres", "Extras\Core\FastReport.Data\FastReport.Data.Postgres\FastReport.OpenSource.Data.Postgres.csproj", "{DADF1C79-7C33-4059-B71F-C3D91EA90436}"
EndProject
Project("{9A19103F-16F7-4668-BE54-9A1E7A4F7556}") = "FastReport.OpenSource.Data.MsSql", "Extras\Core\FastReport.Data\FastReport.Data.MsSql\FastReport.OpenSource.Data.MsSql.csproj", "{EC7F2FF6-BE78-494B-A867-119C653AD528}"
EndProject
Project("{9A19103F-16F7-4668-BE54-9A1E7A4F7556}") = "FastReport.OpenSource.Data.MySql", "Extras\Core\FastReport.Data\FastReport.Data.MySql\FastReport.OpenSource.Data.MySql.csproj", "{CB1F71C5-B6E4-4EF6-81F8-D3147D9A2276}"
EndProject
Project("{9A19103F-16F7-4668-BE54-9A1E7A4F7556}") = "FastReport.OpenSource.Data.Json", "Extras\Core\FastReport.Data\FastReport.Data.Json\FastReport.OpenSource.Data.Json.csproj", "{32FBF099-1D8E-42B4-9520-8B3D90FFA9DE}"
EndProject
Project("{9A19103F-16F7-4668-BE54-9A1E7A4F7556}") = "FastReport.OpenSource.Data.Couchbase", "Extras\Core\FastReport.Data\FastReport.Data.Couchbase\FastReport.OpenSource.Data.Couchbase.csproj", "{9D691E7E-5255-4A49-BACC-C64B6DF2E6BD}"
EndProject
Project("{9A19103F-16F7-4668-BE54-9A1E7A4F7556}") = "FastReport.OpenSource.Data.MongoDB", "Extras\Core\FastReport.Data\FastReport.Data.MongoDB\FastReport.OpenSource.Data.MongoDB.csproj", "{3E3EC526-30C6-4846-9730-D7BC0E1729AE}"
EndProject
Project("{9A19103F-16F7-4668-BE54-9A1E7A4F7556}") = "FastReport.OpenSource.Data.OracleODPCore", "Extras\Core\FastReport.Data\FastReport.Data.OracleODPCore\FastReport.OpenSource.Data.OracleODPCore.csproj", "{01E315E9-D0F9-4F19-A009-B522114018DB}"
EndProject
Project("{9A19103F-16F7-4668-BE54-9A1E7A4F7556}") = "FastReport.OpenSource.Data.RavenDB", "Extras\Core\FastReport.Data\FastReport.Data.RavenDB\FastReport.OpenSource.Data.RavenDB.csproj", "{C7D341EE-3A1A-45F5-888B-E614882989E7}"
EndProject
Project("{9A19103F-16F7-4668-BE54-9A1E7A4F7556}") = "FastReport.OpenSource.Data.SQLite", "Extras\Core\FastReport.Data\FastReport.Data.SQLite\FastReport.OpenSource.Data.SQLite.csproj", "{793B1AE1-3C7D-47D6-B499-6B7ECF6258DB}"
EndProject
Project("{9A19103F-16F7-4668-BE54-9A1E7A4F7556}") = "FastReport.OpenSource.Web", "FastReport.Core.Web\FastReport.OpenSource.Web.csproj", "{907C14E8-6C9E-4070-8C65-3BF5CCA2E534}"
EndProject
Project("{9A19103F-16F7-4668-BE54-9A1E7A4F7556}") = "FastReport.OpenSource.Export.PdfSimple", "Extras\OpenSource\FastReport.OpenSource.Export.PdfSimple\FastReport.OpenSource.Export.PdfSimple\FastReport.OpenSource.Export.PdfSimple.csproj", "{09E87462-E2B8-4B8F-AE41-55A8584471F9}"
EndProject
Project("{9A19103F-16F7-4668-BE54-9A1E7A4F7556}") = "FastReport.OpenSource.Export.PdfSimple.Tests", "Extras\OpenSource\FastReport.OpenSource.Export.PdfSimple\FastReport.OpenSource.Export.PdfSimple.Tests\FastReport.OpenSource.Export.PdfSimple.Tests.csproj", "{01DA6786-77D4-4457-BF33-E204F0C9E155}"
EndProject
Project("{9A19103F-16F7-4668-BE54-9A1E7A4F7556}") = "FastReport.OpenSource.Data.ClickHouse", "Extras\Core\FastReport.Data\FastReport.Data.ClickHouse\FastReport.OpenSource.Data.ClickHouse.csproj", "{BDB7D5CB-8DD2-48DB-BA81-FDDC88135B35}"
EndProject
Project("{9A19103F-16F7-4668-BE54-9A1E7A4F7556}") = "FastReport.OpenSource.Data.Firebird", "Extras\Core\FastReport.Data\FastReport.Data.Firebird\FastReport.OpenSource.Data.Firebird.csproj", "{2DB7A38A-4E08-4411-8AE0-D85DED02C2DE}"
EndProject
Project("{9A19103F-16F7-4668-BE54-9A1E7A4F7556}") = "FastReport.OpenSource.Data.Cassandra", "Extras\Core\FastReport.Data\FastReport.Data.Cassandra\FastReport.OpenSource.Data.Cassandra.csproj", "{32A6139B-F913-457D-9913-3CFC1C7990AB}"
EndProject
Project("{9A19103F-16F7-4668-BE54-9A1E7A4F7556}") = "FastReport.OpenSource.Data.ElasticSearch", "Extras\Core\FastReport.Data\FastReport.Data.ElasticSearch\FastReport.OpenSource.Data.ElasticSearch.csproj", "{C766181C-FB64-4204-BFAF-BECE1E5218DD}"
EndProject
Project("{9A19103F-16F7-4668-BE54-9A1E7A4F7556}") = "FastReport.OpenSource.Data.Excel", "Extras\Core\FastReport.Data\FastReport.Data.Excel\FastReport.OpenSource.Data.Excel.csproj", "{43BC1122-E846-406F-AA7D-737E8AC5AA6E}"
EndProject
Project("{9A19103F-16F7-4668-BE54-9A1E7A4F7556}") = "FastReport.OpenSource.MVC.6.0", "Demos\OpenSource\MVC\FastReport.OpenSource.MVC.6.0\FastReport.OpenSource.MVC.6.0.csproj", "{477DA8DC-5CF9-4DCC-B616-3182735048A3}"
EndProject
Project("{9A19103F-16F7-4668-BE54-9A1E7A4F7556}") = "FastReport.OpenSource.Angular", "Demos\OpenSource\SPA\FastReport.OpenSource.Angular\FastReport.OpenSource.Angular.csproj", "{C2DF96FD-5AED-47A8-99BD-696919ABFE0A}"
EndProject
Project("{9A19103F-16F7-4668-BE54-9A1E7A4F7556}") = "FastReport.OpenSource.MVC.3.1", "Demos\OpenSource\MVC\FastReport.OpenSource.MVC.3.1\FastReport.OpenSource.MVC.3.1.csproj", "{320FE53B-1775-4DD2-8D2B-AB468B2839FA}"
EndProject
Project("{2150E333-8FDC-42A3-9474-1A3956D46DE8}") = "Plugins", "Plugins", "{A1827297-EAD4-413D-BA8D-811F5FF6125D}"
EndProject
Project("{9A19103F-16F7-4668-BE54-9A1E7A4F7556}") = "FastReport.OpenSource.Plugins.WebP", "Extras\Core\FastReport.Plugin\FastReport.Plugins.WebP\FastReport.OpenSource.Plugins.WebP.csproj", "{28005ED3-3E5B-443F-A054-C74A45BE3C4C}"
EndProject
Global
	GlobalSection(SolutionConfigurationPlatforms) = preSolution
		Academic|Any CPU = Academic|Any CPU
		Debug|Any CPU = Debug|Any CPU
		Release|Any CPU = Release|Any CPU
	EndGlobalSection
	GlobalSection(ProjectConfigurationPlatforms) = postSolution
		{62667265-5E09-444D-8218-244DE84804A7}.Academic|Any CPU.ActiveCfg = Release|Any CPU
		{62667265-5E09-444D-8218-244DE84804A7}.Academic|Any CPU.Build.0 = Release|Any CPU
		{62667265-5E09-444D-8218-244DE84804A7}.Debug|Any CPU.ActiveCfg = Debug|Any CPU
		{62667265-5E09-444D-8218-244DE84804A7}.Debug|Any CPU.Build.0 = Debug|Any CPU
		{62667265-5E09-444D-8218-244DE84804A7}.Release|Any CPU.ActiveCfg = Release|Any CPU
		{62667265-5E09-444D-8218-244DE84804A7}.Release|Any CPU.Build.0 = Release|Any CPU
		{0F76AD9F-90DA-40D8-83B1-3EAD54F0DD5B}.Academic|Any CPU.ActiveCfg = Debug|Any CPU
		{0F76AD9F-90DA-40D8-83B1-3EAD54F0DD5B}.Academic|Any CPU.Build.0 = Debug|Any CPU
		{0F76AD9F-90DA-40D8-83B1-3EAD54F0DD5B}.Debug|Any CPU.ActiveCfg = Debug|Any CPU
		{0F76AD9F-90DA-40D8-83B1-3EAD54F0DD5B}.Debug|Any CPU.Build.0 = Debug|Any CPU
		{0F76AD9F-90DA-40D8-83B1-3EAD54F0DD5B}.Release|Any CPU.ActiveCfg = Release|Any CPU
		{0F76AD9F-90DA-40D8-83B1-3EAD54F0DD5B}.Release|Any CPU.Build.0 = Release|Any CPU
		{DADF1C79-7C33-4059-B71F-C3D91EA90436}.Academic|Any CPU.ActiveCfg = Debug|Any CPU
		{DADF1C79-7C33-4059-B71F-C3D91EA90436}.Academic|Any CPU.Build.0 = Debug|Any CPU
		{DADF1C79-7C33-4059-B71F-C3D91EA90436}.Debug|Any CPU.ActiveCfg = Debug|Any CPU
		{DADF1C79-7C33-4059-B71F-C3D91EA90436}.Debug|Any CPU.Build.0 = Debug|Any CPU
		{DADF1C79-7C33-4059-B71F-C3D91EA90436}.Release|Any CPU.ActiveCfg = Release|Any CPU
		{DADF1C79-7C33-4059-B71F-C3D91EA90436}.Release|Any CPU.Build.0 = Release|Any CPU
		{EC7F2FF6-BE78-494B-A867-119C653AD528}.Academic|Any CPU.ActiveCfg = Debug|Any CPU
		{EC7F2FF6-BE78-494B-A867-119C653AD528}.Academic|Any CPU.Build.0 = Debug|Any CPU
		{EC7F2FF6-BE78-494B-A867-119C653AD528}.Debug|Any CPU.ActiveCfg = Debug|Any CPU
		{EC7F2FF6-BE78-494B-A867-119C653AD528}.Debug|Any CPU.Build.0 = Debug|Any CPU
		{EC7F2FF6-BE78-494B-A867-119C653AD528}.Release|Any CPU.ActiveCfg = Release|Any CPU
		{EC7F2FF6-BE78-494B-A867-119C653AD528}.Release|Any CPU.Build.0 = Release|Any CPU
		{CB1F71C5-B6E4-4EF6-81F8-D3147D9A2276}.Academic|Any CPU.ActiveCfg = Debug|Any CPU
		{CB1F71C5-B6E4-4EF6-81F8-D3147D9A2276}.Academic|Any CPU.Build.0 = Debug|Any CPU
		{CB1F71C5-B6E4-4EF6-81F8-D3147D9A2276}.Debug|Any CPU.ActiveCfg = Debug|Any CPU
		{CB1F71C5-B6E4-4EF6-81F8-D3147D9A2276}.Debug|Any CPU.Build.0 = Debug|Any CPU
		{CB1F71C5-B6E4-4EF6-81F8-D3147D9A2276}.Release|Any CPU.ActiveCfg = Release|Any CPU
		{CB1F71C5-B6E4-4EF6-81F8-D3147D9A2276}.Release|Any CPU.Build.0 = Release|Any CPU
		{32FBF099-1D8E-42B4-9520-8B3D90FFA9DE}.Academic|Any CPU.ActiveCfg = Debug|Any CPU
		{32FBF099-1D8E-42B4-9520-8B3D90FFA9DE}.Academic|Any CPU.Build.0 = Debug|Any CPU
		{32FBF099-1D8E-42B4-9520-8B3D90FFA9DE}.Debug|Any CPU.ActiveCfg = Debug|Any CPU
		{32FBF099-1D8E-42B4-9520-8B3D90FFA9DE}.Debug|Any CPU.Build.0 = Debug|Any CPU
		{32FBF099-1D8E-42B4-9520-8B3D90FFA9DE}.Release|Any CPU.ActiveCfg = Release|Any CPU
		{32FBF099-1D8E-42B4-9520-8B3D90FFA9DE}.Release|Any CPU.Build.0 = Release|Any CPU
		{9D691E7E-5255-4A49-BACC-C64B6DF2E6BD}.Academic|Any CPU.ActiveCfg = Debug|Any CPU
		{9D691E7E-5255-4A49-BACC-C64B6DF2E6BD}.Academic|Any CPU.Build.0 = Debug|Any CPU
		{9D691E7E-5255-4A49-BACC-C64B6DF2E6BD}.Debug|Any CPU.ActiveCfg = Debug|Any CPU
		{9D691E7E-5255-4A49-BACC-C64B6DF2E6BD}.Debug|Any CPU.Build.0 = Debug|Any CPU
		{9D691E7E-5255-4A49-BACC-C64B6DF2E6BD}.Release|Any CPU.ActiveCfg = Release|Any CPU
		{9D691E7E-5255-4A49-BACC-C64B6DF2E6BD}.Release|Any CPU.Build.0 = Release|Any CPU
		{3E3EC526-30C6-4846-9730-D7BC0E1729AE}.Academic|Any CPU.ActiveCfg = Debug|Any CPU
		{3E3EC526-30C6-4846-9730-D7BC0E1729AE}.Academic|Any CPU.Build.0 = Debug|Any CPU
		{3E3EC526-30C6-4846-9730-D7BC0E1729AE}.Debug|Any CPU.ActiveCfg = Debug|Any CPU
		{3E3EC526-30C6-4846-9730-D7BC0E1729AE}.Debug|Any CPU.Build.0 = Debug|Any CPU
		{3E3EC526-30C6-4846-9730-D7BC0E1729AE}.Release|Any CPU.ActiveCfg = Release|Any CPU
		{3E3EC526-30C6-4846-9730-D7BC0E1729AE}.Release|Any CPU.Build.0 = Release|Any CPU
		{01E315E9-D0F9-4F19-A009-B522114018DB}.Academic|Any CPU.ActiveCfg = Debug|Any CPU
		{01E315E9-D0F9-4F19-A009-B522114018DB}.Academic|Any CPU.Build.0 = Debug|Any CPU
		{01E315E9-D0F9-4F19-A009-B522114018DB}.Debug|Any CPU.ActiveCfg = Debug|Any CPU
		{01E315E9-D0F9-4F19-A009-B522114018DB}.Debug|Any CPU.Build.0 = Debug|Any CPU
		{01E315E9-D0F9-4F19-A009-B522114018DB}.Release|Any CPU.ActiveCfg = Release|Any CPU
		{01E315E9-D0F9-4F19-A009-B522114018DB}.Release|Any CPU.Build.0 = Release|Any CPU
		{C7D341EE-3A1A-45F5-888B-E614882989E7}.Academic|Any CPU.ActiveCfg = Debug|Any CPU
		{C7D341EE-3A1A-45F5-888B-E614882989E7}.Academic|Any CPU.Build.0 = Debug|Any CPU
		{C7D341EE-3A1A-45F5-888B-E614882989E7}.Debug|Any CPU.ActiveCfg = Debug|Any CPU
		{C7D341EE-3A1A-45F5-888B-E614882989E7}.Debug|Any CPU.Build.0 = Debug|Any CPU
		{C7D341EE-3A1A-45F5-888B-E614882989E7}.Release|Any CPU.ActiveCfg = Release|Any CPU
		{C7D341EE-3A1A-45F5-888B-E614882989E7}.Release|Any CPU.Build.0 = Release|Any CPU
		{793B1AE1-3C7D-47D6-B499-6B7ECF6258DB}.Academic|Any CPU.ActiveCfg = Debug|Any CPU
		{793B1AE1-3C7D-47D6-B499-6B7ECF6258DB}.Academic|Any CPU.Build.0 = Debug|Any CPU
		{793B1AE1-3C7D-47D6-B499-6B7ECF6258DB}.Debug|Any CPU.ActiveCfg = Debug|Any CPU
		{793B1AE1-3C7D-47D6-B499-6B7ECF6258DB}.Debug|Any CPU.Build.0 = Debug|Any CPU
		{793B1AE1-3C7D-47D6-B499-6B7ECF6258DB}.Release|Any CPU.ActiveCfg = Release|Any CPU
		{793B1AE1-3C7D-47D6-B499-6B7ECF6258DB}.Release|Any CPU.Build.0 = Release|Any CPU
		{907C14E8-6C9E-4070-8C65-3BF5CCA2E534}.Academic|Any CPU.ActiveCfg = Debug|Any CPU
		{907C14E8-6C9E-4070-8C65-3BF5CCA2E534}.Academic|Any CPU.Build.0 = Debug|Any CPU
		{907C14E8-6C9E-4070-8C65-3BF5CCA2E534}.Debug|Any CPU.ActiveCfg = Debug|Any CPU
		{907C14E8-6C9E-4070-8C65-3BF5CCA2E534}.Debug|Any CPU.Build.0 = Debug|Any CPU
		{907C14E8-6C9E-4070-8C65-3BF5CCA2E534}.Release|Any CPU.ActiveCfg = Release|Any CPU
		{907C14E8-6C9E-4070-8C65-3BF5CCA2E534}.Release|Any CPU.Build.0 = Release|Any CPU
		{09E87462-E2B8-4B8F-AE41-55A8584471F9}.Academic|Any CPU.ActiveCfg = Release|Any CPU
		{09E87462-E2B8-4B8F-AE41-55A8584471F9}.Academic|Any CPU.Build.0 = Release|Any CPU
		{09E87462-E2B8-4B8F-AE41-55A8584471F9}.Debug|Any CPU.ActiveCfg = Debug|Any CPU
		{09E87462-E2B8-4B8F-AE41-55A8584471F9}.Debug|Any CPU.Build.0 = Debug|Any CPU
		{09E87462-E2B8-4B8F-AE41-55A8584471F9}.Release|Any CPU.ActiveCfg = Release|Any CPU
		{09E87462-E2B8-4B8F-AE41-55A8584471F9}.Release|Any CPU.Build.0 = Release|Any CPU
		{01DA6786-77D4-4457-BF33-E204F0C9E155}.Academic|Any CPU.ActiveCfg = Debug|Any CPU
		{01DA6786-77D4-4457-BF33-E204F0C9E155}.Academic|Any CPU.Build.0 = Debug|Any CPU
		{01DA6786-77D4-4457-BF33-E204F0C9E155}.Debug|Any CPU.ActiveCfg = Debug|Any CPU
		{01DA6786-77D4-4457-BF33-E204F0C9E155}.Debug|Any CPU.Build.0 = Debug|Any CPU
		{01DA6786-77D4-4457-BF33-E204F0C9E155}.Release|Any CPU.ActiveCfg = Release|Any CPU
		{01DA6786-77D4-4457-BF33-E204F0C9E155}.Release|Any CPU.Build.0 = Release|Any CPU
		{BDB7D5CB-8DD2-48DB-BA81-FDDC88135B35}.Academic|Any CPU.ActiveCfg = Debug|Any CPU
		{BDB7D5CB-8DD2-48DB-BA81-FDDC88135B35}.Academic|Any CPU.Build.0 = Debug|Any CPU
		{BDB7D5CB-8DD2-48DB-BA81-FDDC88135B35}.Debug|Any CPU.ActiveCfg = Debug|Any CPU
		{BDB7D5CB-8DD2-48DB-BA81-FDDC88135B35}.Debug|Any CPU.Build.0 = Debug|Any CPU
		{BDB7D5CB-8DD2-48DB-BA81-FDDC88135B35}.Release|Any CPU.ActiveCfg = Release|Any CPU
		{BDB7D5CB-8DD2-48DB-BA81-FDDC88135B35}.Release|Any CPU.Build.0 = Release|Any CPU
		{2DB7A38A-4E08-4411-8AE0-D85DED02C2DE}.Academic|Any CPU.ActiveCfg = Debug|Any CPU
		{2DB7A38A-4E08-4411-8AE0-D85DED02C2DE}.Academic|Any CPU.Build.0 = Debug|Any CPU
		{2DB7A38A-4E08-4411-8AE0-D85DED02C2DE}.Debug|Any CPU.ActiveCfg = Debug|Any CPU
		{2DB7A38A-4E08-4411-8AE0-D85DED02C2DE}.Debug|Any CPU.Build.0 = Debug|Any CPU
		{2DB7A38A-4E08-4411-8AE0-D85DED02C2DE}.Release|Any CPU.ActiveCfg = Release|Any CPU
		{2DB7A38A-4E08-4411-8AE0-D85DED02C2DE}.Release|Any CPU.Build.0 = Release|Any CPU
		{32A6139B-F913-457D-9913-3CFC1C7990AB}.Academic|Any CPU.ActiveCfg = Debug|Any CPU
		{32A6139B-F913-457D-9913-3CFC1C7990AB}.Academic|Any CPU.Build.0 = Debug|Any CPU
		{32A6139B-F913-457D-9913-3CFC1C7990AB}.Debug|Any CPU.ActiveCfg = Debug|Any CPU
		{32A6139B-F913-457D-9913-3CFC1C7990AB}.Debug|Any CPU.Build.0 = Debug|Any CPU
		{32A6139B-F913-457D-9913-3CFC1C7990AB}.Release|Any CPU.ActiveCfg = Release|Any CPU
		{32A6139B-F913-457D-9913-3CFC1C7990AB}.Release|Any CPU.Build.0 = Release|Any CPU
		{C766181C-FB64-4204-BFAF-BECE1E5218DD}.Academic|Any CPU.ActiveCfg = Debug|Any CPU
		{C766181C-FB64-4204-BFAF-BECE1E5218DD}.Academic|Any CPU.Build.0 = Debug|Any CPU
		{C766181C-FB64-4204-BFAF-BECE1E5218DD}.Debug|Any CPU.ActiveCfg = Debug|Any CPU
		{C766181C-FB64-4204-BFAF-BECE1E5218DD}.Debug|Any CPU.Build.0 = Debug|Any CPU
		{C766181C-FB64-4204-BFAF-BECE1E5218DD}.Release|Any CPU.ActiveCfg = Release|Any CPU
		{C766181C-FB64-4204-BFAF-BECE1E5218DD}.Release|Any CPU.Build.0 = Release|Any CPU
		{43BC1122-E846-406F-AA7D-737E8AC5AA6E}.Academic|Any CPU.ActiveCfg = Debug|Any CPU
		{43BC1122-E846-406F-AA7D-737E8AC5AA6E}.Academic|Any CPU.Build.0 = Debug|Any CPU
		{43BC1122-E846-406F-AA7D-737E8AC5AA6E}.Debug|Any CPU.ActiveCfg = Debug|Any CPU
		{43BC1122-E846-406F-AA7D-737E8AC5AA6E}.Debug|Any CPU.Build.0 = Debug|Any CPU
		{43BC1122-E846-406F-AA7D-737E8AC5AA6E}.Release|Any CPU.ActiveCfg = Release|Any CPU
		{43BC1122-E846-406F-AA7D-737E8AC5AA6E}.Release|Any CPU.Build.0 = Release|Any CPU
		{477DA8DC-5CF9-4DCC-B616-3182735048A3}.Academic|Any CPU.ActiveCfg = Debug|Any CPU
		{477DA8DC-5CF9-4DCC-B616-3182735048A3}.Academic|Any CPU.Build.0 = Debug|Any CPU
		{477DA8DC-5CF9-4DCC-B616-3182735048A3}.Debug|Any CPU.ActiveCfg = Debug|Any CPU
		{477DA8DC-5CF9-4DCC-B616-3182735048A3}.Debug|Any CPU.Build.0 = Debug|Any CPU
		{477DA8DC-5CF9-4DCC-B616-3182735048A3}.Release|Any CPU.ActiveCfg = Release|Any CPU
		{477DA8DC-5CF9-4DCC-B616-3182735048A3}.Release|Any CPU.Build.0 = Release|Any CPU
		{C2DF96FD-5AED-47A8-99BD-696919ABFE0A}.Academic|Any CPU.ActiveCfg = Debug|Any CPU
		{C2DF96FD-5AED-47A8-99BD-696919ABFE0A}.Academic|Any CPU.Build.0 = Debug|Any CPU
		{C2DF96FD-5AED-47A8-99BD-696919ABFE0A}.Debug|Any CPU.ActiveCfg = Debug|Any CPU
		{C2DF96FD-5AED-47A8-99BD-696919ABFE0A}.Debug|Any CPU.Build.0 = Debug|Any CPU
		{C2DF96FD-5AED-47A8-99BD-696919ABFE0A}.Release|Any CPU.ActiveCfg = Release|Any CPU
		{C2DF96FD-5AED-47A8-99BD-696919ABFE0A}.Release|Any CPU.Build.0 = Release|Any CPU
		{320FE53B-1775-4DD2-8D2B-AB468B2839FA}.Academic|Any CPU.ActiveCfg = Debug|Any CPU
		{320FE53B-1775-4DD2-8D2B-AB468B2839FA}.Academic|Any CPU.Build.0 = Debug|Any CPU
		{320FE53B-1775-4DD2-8D2B-AB468B2839FA}.Debug|Any CPU.ActiveCfg = Debug|Any CPU
		{320FE53B-1775-4DD2-8D2B-AB468B2839FA}.Debug|Any CPU.Build.0 = Debug|Any CPU
		{320FE53B-1775-4DD2-8D2B-AB468B2839FA}.Release|Any CPU.ActiveCfg = Release|Any CPU
		{320FE53B-1775-4DD2-8D2B-AB468B2839FA}.Release|Any CPU.Build.0 = Release|Any CPU
		{28005ED3-3E5B-443F-A054-C74A45BE3C4C}.Academic|Any CPU.ActiveCfg = Debug|Any CPU
		{28005ED3-3E5B-443F-A054-C74A45BE3C4C}.Academic|Any CPU.Build.0 = Debug|Any CPU
		{28005ED3-3E5B-443F-A054-C74A45BE3C4C}.Debug|Any CPU.ActiveCfg = Debug|Any CPU
		{28005ED3-3E5B-443F-A054-C74A45BE3C4C}.Debug|Any CPU.Build.0 = Debug|Any CPU
		{28005ED3-3E5B-443F-A054-C74A45BE3C4C}.Release|Any CPU.ActiveCfg = Release|Any CPU
		{28005ED3-3E5B-443F-A054-C74A45BE3C4C}.Release|Any CPU.Build.0 = Release|Any CPU
	EndGlobalSection
	GlobalSection(SolutionProperties) = preSolution
		HideSolutionNode = FALSE
	EndGlobalSection
	GlobalSection(NestedProjects) = preSolution
		{898AF8DC-11C3-4640-B60C-5D8CBF2F29CF} = {CCF32DAC-85D9-43D4-A4A7-72626A13D806}
		{DADF1C79-7C33-4059-B71F-C3D91EA90436} = {898AF8DC-11C3-4640-B60C-5D8CBF2F29CF}
		{EC7F2FF6-BE78-494B-A867-119C653AD528} = {898AF8DC-11C3-4640-B60C-5D8CBF2F29CF}
		{CB1F71C5-B6E4-4EF6-81F8-D3147D9A2276} = {898AF8DC-11C3-4640-B60C-5D8CBF2F29CF}
		{32FBF099-1D8E-42B4-9520-8B3D90FFA9DE} = {898AF8DC-11C3-4640-B60C-5D8CBF2F29CF}
		{9D691E7E-5255-4A49-BACC-C64B6DF2E6BD} = {898AF8DC-11C3-4640-B60C-5D8CBF2F29CF}
		{3E3EC526-30C6-4846-9730-D7BC0E1729AE} = {898AF8DC-11C3-4640-B60C-5D8CBF2F29CF}
		{01E315E9-D0F9-4F19-A009-B522114018DB} = {898AF8DC-11C3-4640-B60C-5D8CBF2F29CF}
		{C7D341EE-3A1A-45F5-888B-E614882989E7} = {898AF8DC-11C3-4640-B60C-5D8CBF2F29CF}
		{793B1AE1-3C7D-47D6-B499-6B7ECF6258DB} = {898AF8DC-11C3-4640-B60C-5D8CBF2F29CF}
		{09E87462-E2B8-4B8F-AE41-55A8584471F9} = {CCF32DAC-85D9-43D4-A4A7-72626A13D806}
		{01DA6786-77D4-4457-BF33-E204F0C9E155} = {CCF32DAC-85D9-43D4-A4A7-72626A13D806}
		{BDB7D5CB-8DD2-48DB-BA81-FDDC88135B35} = {898AF8DC-11C3-4640-B60C-5D8CBF2F29CF}
		{2DB7A38A-4E08-4411-8AE0-D85DED02C2DE} = {898AF8DC-11C3-4640-B60C-5D8CBF2F29CF}
		{32A6139B-F913-457D-9913-3CFC1C7990AB} = {898AF8DC-11C3-4640-B60C-5D8CBF2F29CF}
		{C766181C-FB64-4204-BFAF-BECE1E5218DD} = {898AF8DC-11C3-4640-B60C-5D8CBF2F29CF}
		{43BC1122-E846-406F-AA7D-737E8AC5AA6E} = {898AF8DC-11C3-4640-B60C-5D8CBF2F29CF}
		{477DA8DC-5CF9-4DCC-B616-3182735048A3} = {8E9E75EB-2ABC-4CC1-8AA0-C11DEE54A152}
		{C2DF96FD-5AED-47A8-99BD-696919ABFE0A} = {8E9E75EB-2ABC-4CC1-8AA0-C11DEE54A152}
		{320FE53B-1775-4DD2-8D2B-AB468B2839FA} = {8E9E75EB-2ABC-4CC1-8AA0-C11DEE54A152}
		{A1827297-EAD4-413D-BA8D-811F5FF6125D} = {CCF32DAC-85D9-43D4-A4A7-72626A13D806}
		{28005ED3-3E5B-443F-A054-C74A45BE3C4C} = {A1827297-EAD4-413D-BA8D-811F5FF6125D}
	EndGlobalSection
	GlobalSection(ExtensibilityGlobals) = postSolution
		SolutionGuid = {DFBB1F5B-F03E-4BCB-AFEE-A45A2C4D5BB8}
	EndGlobalSection
EndGlobal
