
Microsoft Visual Studio Solution File, Format Version 12.00
# Visual Studio 15
VisualStudioVersion = 15.0.26730.12
MinimumVisualStudioVersion = 10.0.40219.1
Project("{9A19103F-16F7-4668-BE54-9A1E7A4F7556}") = "SPAOnlineDesigner", "SPAOnlineDesigner.csproj", "{76D07684-19BD-4D92-85B7-600DB559E121}"
EndProject
Global
	GlobalSection(SolutionConfigurationPlatforms) = preSolution
		Debug|Any CPU = Debug|Any CPU
		Release|Any CPU = Release|Any CPU
	EndGlobalSection
	GlobalSection(ProjectConfigurationPlatforms) = postSolution
		{76D07684-19BD-4D92-85B7-600DB559E121}.Debug|Any CPU.ActiveCfg = Debug|Any CPU
		{76D07684-19BD-4D92-85B7-600DB559E121}.Debug|Any CPU.Build.0 = Debug|Any CPU
		{76D07684-19BD-4D92-85B7-600DB559E121}.Release|Any CPU.ActiveCfg = Release|Any CPU
		{76D07684-19BD-4D92-85B7-600DB559E121}.Release|Any CPU.Build.0 = Release|Any CPU
	EndGlobalSection
	GlobalSection(SolutionProperties) = preSolution
		HideSolutionNode = FALSE
	EndGlobalSection
	GlobalSection(ExtensibilityGlobals) = postSolution
		SolutionGuid = {14DC9BF2-732D-47C3-B773-CEB4FFF657C0}
	EndGlobalSection
EndGlobal
