
Microsoft Visual Studio Solution File, Format Version 12.00
# Visual Studio Version 16
VisualStudioVersion = 16.0.28531.58
MinimumVisualStudioVersion = 10.0.40219.1
Project("{9A19103F-16F7-4668-BE54-9A1E7A4F7556}") = "FastReport.OpenSource.Export.PdfSimple", "FastReport.OpenSource.Export.PdfSimple\FastReport.OpenSource.Export.PdfSimple.csproj", "{51C82669-F38E-46DB-BB7D-6AC261E84563}"
EndProject
Project("{9A19103F-16F7-4668-BE54-9A1E7A4F7556}") = "FastReport.OpenSource.Export.PdfSimple.Tests", "FastReport.OpenSource.Export.PdfSimple.Tests\FastReport.OpenSource.Export.PdfSimple.Tests.csproj", "{2A37D7A0-33BA-4E24-83F6-195EED1F2C86}"
EndProject
Global
	GlobalSection(SolutionConfigurationPlatforms) = preSolution
		Debug|Any CPU = Debug|Any CPU
		Release|Any CPU = Release|Any CPU
	EndGlobalSection
	GlobalSection(ProjectConfigurationPlatforms) = postSolution
		{51C82669-F38E-46DB-BB7D-6AC261E84563}.Debug|Any CPU.ActiveCfg = Debug|Any CPU
		{51C82669-F38E-46DB-BB7D-6AC261E84563}.Debug|Any CPU.Build.0 = Debug|Any CPU
		{51C82669-F38E-46DB-BB7D-6AC261E84563}.Release|Any CPU.ActiveCfg = Release|Any CPU
		{51C82669-F38E-46DB-BB7D-6AC261E84563}.Release|Any CPU.Build.0 = Release|Any CPU
		{2A37D7A0-33BA-4E24-83F6-195EED1F2C86}.Debug|Any CPU.ActiveCfg = Debug|Any CPU
		{2A37D7A0-33BA-4E24-83F6-195EED1F2C86}.Debug|Any CPU.Build.0 = Debug|Any CPU
		{2A37D7A0-33BA-4E24-83F6-195EED1F2C86}.Release|Any CPU.ActiveCfg = Release|Any CPU
		{2A37D7A0-33BA-4E24-83F6-195EED1F2C86}.Release|Any CPU.Build.0 = Release|Any CPU
	EndGlobalSection
	GlobalSection(SolutionProperties) = preSolution
		HideSolutionNode = FALSE
	EndGlobalSection
	GlobalSection(ExtensibilityGlobals) = postSolution
		SolutionGuid = {E6A7133E-D859-4444-95BE-40761BEBC80E}
	EndGlobalSection
EndGlobal
