
Microsoft Visual Studio Solution File, Format Version 12.00
# Visual Studio Version 17
VisualStudioVersion = 17.4.33205.214
MinimumVisualStudioVersion = 10.0.40219.1
Project("{9A19103F-16F7-4668-BE54-9A1E7A4F7556}") = "FastReport.OpenSource.Angular", "FastReport.OpenSource.Angular.csproj", "{CE65166B-37A8-4BAD-AB52-922080A70E2B}"
EndProject
Global
	GlobalSection(SolutionConfigurationPlatforms) = preSolution
		Debug|Any CPU = Debug|Any CPU
		Release|Any CPU = Release|Any CPU
	EndGlobalSection
	GlobalSection(ProjectConfigurationPlatforms) = postSolution
		{CE65166B-37A8-4BAD-AB52-922080A70E2B}.Debug|Any CPU.ActiveCfg = Debug|Any CPU
		{CE65166B-37A8-4BAD-AB52-922080A70E2B}.Debug|Any CPU.Build.0 = Debug|Any CPU
		{CE65166B-37A8-4BAD-AB52-922080A70E2B}.Release|Any CPU.ActiveCfg = Release|Any CPU
		{CE65166B-37A8-4BAD-AB52-922080A70E2B}.Release|Any CPU.Build.0 = Release|Any CPU
	EndGlobalSection
	GlobalSection(SolutionProperties) = preSolution
		HideSolutionNode = FALSE
	EndGlobalSection
	GlobalSection(ExtensibilityGlobals) = postSolution
		SolutionGuid = {B718F1BE-D6C6-4F8F-9610-25F63C589D33}
	EndGlobalSection
EndGlobal
