
Microsoft Visual Studio Solution File, Format Version 12.00
# Visual Studio 15
VisualStudioVersion = 15.0.26730.8
MinimumVisualStudioVersion = 10.0.40219.1
Project("{9A19103F-16F7-4668-BE54-9A1E7A4F7556}") = "FastReportCore.MVC", "FastReportCore.MVC.csproj", "{D52ADB4D-0003-4035-8DFD-C01F2B14DDCD}"
EndProject
Project("{E53339B2-1760-4266-BCC7-CA923CBCF16C}") = "docker-compose", "docker-compose.dcproj", "{4C501371-339F-4270-8F3F-22F0D3DED115}"
EndProject
Global
	GlobalSection(SolutionConfigurationPlatforms) = preSolution
		Debug|Any CPU = Debug|Any CPU
		Release|Any CPU = Release|Any CPU
	EndGlobalSection
	GlobalSection(ProjectConfigurationPlatforms) = postSolution
		{D52ADB4D-0003-4035-8DFD-C01F2B14DDCD}.Debug|Any CPU.ActiveCfg = Debug|Any CPU
		{D52ADB4D-0003-4035-8DFD-C01F2B14DDCD}.Debug|Any CPU.Build.0 = Debug|Any CPU
		{D52ADB4D-0003-4035-8DFD-C01F2B14DDCD}.Release|Any CPU.ActiveCfg = Release|Any CPU
		{D52ADB4D-0003-4035-8DFD-C01F2B14DDCD}.Release|Any CPU.Build.0 = Release|Any CPU
		{4C501371-339F-4270-8F3F-22F0D3DED115}.Debug|Any CPU.ActiveCfg = Debug|Any CPU
		{4C501371-339F-4270-8F3F-22F0D3DED115}.Debug|Any CPU.Build.0 = Debug|Any CPU
		{4C501371-339F-4270-8F3F-22F0D3DED115}.Release|Any CPU.ActiveCfg = Release|Any CPU
		{4C501371-339F-4270-8F3F-22F0D3DED115}.Release|Any CPU.Build.0 = Release|Any CPU
	EndGlobalSection
	GlobalSection(SolutionProperties) = preSolution
		HideSolutionNode = FALSE
	EndGlobalSection
	GlobalSection(ExtensibilityGlobals) = postSolution
		SolutionGuid = {44FACA82-53E5-46D1-A2B8-3C538661B3DC}
	EndGlobalSection
EndGlobal
