
Microsoft Visual Studio Solution File, Format Version 12.00
# Visual Studio 15
VisualStudioVersion = 15.0.28307.421
MinimumVisualStudioVersion = 10.0.40219.1
Project("{9A19103F-16F7-4668-BE54-9A1E7A4F7556}") = "FastReport.OpenSource.Web.MVC", "FastReport.OpenSource.Web.MVC.csproj", "{977735DD-F37E-4338-8EC4-4A90EFEB280D}"
EndProject
Global
	GlobalSection(SolutionConfigurationPlatforms) = preSolution
		Debug|Any CPU = Debug|Any CPU
		Release|Any CPU = Release|Any CPU
	EndGlobalSection
	GlobalSection(ProjectConfigurationPlatforms) = postSolution
		{977735DD-F37E-4338-8EC4-4A90EFEB280D}.Debug|Any CPU.ActiveCfg = Debug|Any CPU
		{977735DD-F37E-4338-8EC4-4A90EFEB280D}.Debug|Any CPU.Build.0 = Debug|Any CPU
		{977735DD-F37E-4338-8EC4-4A90EFEB280D}.Release|Any CPU.ActiveCfg = Release|Any CPU
		{977735DD-F37E-4338-8EC4-4A90EFEB280D}.Release|Any CPU.Build.0 = Release|Any CPU
	EndGlobalSection
	GlobalSection(SolutionProperties) = preSolution
		HideSolutionNode = FALSE
	EndGlobalSection
	GlobalSection(ExtensibilityGlobals) = postSolution
		SolutionGuid = {BD6D1F22-0EF2-4CDA-A4BB-15161AAA142F}
	EndGlobalSection
EndGlobal
