
Microsoft Visual Studio Solution File, Format Version 12.00
# Visual Studio Version 17
VisualStudioVersion = 17.4.33205.214
MinimumVisualStudioVersion = 10.0.40219.1
Project("{9A19103F-16F7-4668-BE54-9A1E7A4F7556}") = "FastReport.OpenSource.AvaloniaViewer", "FastReport.OpenSource.AvaloniaViewer.csproj", "{12EDBB0F-64E1-45F8-8F90-D36AE13E6C3D}"
EndProject
Global
	GlobalSection(SolutionConfigurationPlatforms) = preSolution
		Debug|Any CPU = Debug|Any CPU
		Release|Any CPU = Release|Any CPU
	EndGlobalSection
	GlobalSection(ProjectConfigurationPlatforms) = postSolution
		{12EDBB0F-64E1-45F8-8F90-D36AE13E6C3D}.Debug|Any CPU.ActiveCfg = Debug|Any CPU
		{12EDBB0F-64E1-45F8-8F90-D36AE13E6C3D}.Debug|Any CPU.Build.0 = Debug|Any CPU
		{12EDBB0F-64E1-45F8-8F90-D36AE13E6C3D}.Release|Any CPU.ActiveCfg = Release|Any CPU
		{12EDBB0F-64E1-45F8-8F90-D36AE13E6C3D}.Release|Any CPU.Build.0 = Release|Any CPU
	EndGlobalSection
	GlobalSection(SolutionProperties) = preSolution
		HideSolutionNode = FALSE
	EndGlobalSection
	GlobalSection(ExtensibilityGlobals) = postSolution
		SolutionGuid = {0DCA951C-68B4-41D0-86FF-E5EEE91A2923}
	EndGlobalSection
EndGlobal
