
Microsoft Visual Studio Solution File, Format Version 12.00
# Visual Studio Version 17
VisualStudioVersion = 17.4.33205.214
MinimumVisualStudioVersion = 10.0.40219.1
Project("{9A19103F-16F7-4668-BE54-9A1E7A4F7556}") = "ReportFromCode", "ReportFromCode.csproj", "{9C9AA3FC-28D9-47B1-9836-9C9EDC2677EA}"
EndProject
Global
	GlobalSection(SolutionConfigurationPlatforms) = preSolution
		Debug|Any CPU = Debug|Any CPU
		Release|Any CPU = Release|Any CPU
	EndGlobalSection
	GlobalSection(ProjectConfigurationPlatforms) = postSolution
		{9C9AA3FC-28D9-47B1-9836-9C9EDC2677EA}.Debug|Any CPU.ActiveCfg = Debug|Any CPU
		{9C9AA3FC-28D9-47B1-9836-9C9EDC2677EA}.Debug|Any CPU.Build.0 = Debug|Any CPU
		{9C9AA3FC-28D9-47B1-9836-9C9EDC2677EA}.Release|Any CPU.ActiveCfg = Release|Any CPU
		{9C9AA3FC-28D9-47B1-9836-9C9EDC2677EA}.Release|Any CPU.Build.0 = Release|Any CPU
	EndGlobalSection
	GlobalSection(SolutionProperties) = preSolution
		HideSolutionNode = FALSE
	EndGlobalSection
	GlobalSection(ExtensibilityGlobals) = postSolution
		SolutionGuid = {0EC3DF21-13EB-4052-8BB8-1260DDC13B43}
	EndGlobalSection
EndGlobal
